
Microsoft Visual Studio Solution File, Format Version 12.00
# Visual Studio 15
VisualStudioVersion = 15.0.28010.2003
MinimumVisualStudioVersion = 10.0.40219.1
Project("{888888A0-9F3D-457C-B088-3A5042F75D52}") = "problem1", "problem1\problem1.pyproj", "{11ACBB31-3325-4BCB-94E3-41B2328C72E0}"
EndProject
Project("{888888A0-9F3D-457C-B088-3A5042F75D52}") = "problem2", "problem2\problem2.pyproj", "{03CDFDE2-55D9-4F69-A86F-9BBE34F48ADF}"
EndProject
Project("{888888A0-9F3D-457C-B088-3A5042F75D52}") = "problem3", "problem3\problem3.pyproj", "{9E4929F1-AF45-4D85-ADA3-A5656D8BDDC4}"
EndProject
Project("{888888A0-9F3D-457C-B088-3A5042F75D52}") = "problem4", "problem4\problem4.pyproj", "{3A5A3785-7A36-4619-A18E-E207EF6A6E16}"
EndProject
Global
	GlobalSection(SolutionConfigurationPlatforms) = preSolution
		Debug|Any CPU = Debug|Any CPU
		Release|Any CPU = Release|Any CPU
	EndGlobalSection
	GlobalSection(ProjectConfigurationPlatforms) = postSolution
		{11ACBB31-3325-4BCB-94E3-41B2328C72E0}.Debug|Any CPU.ActiveCfg = Debug|Any CPU
		{11ACBB31-3325-4BCB-94E3-41B2328C72E0}.Release|Any CPU.ActiveCfg = Release|Any CPU
		{03CDFDE2-55D9-4F69-A86F-9BBE34F48ADF}.Debug|Any CPU.ActiveCfg = Debug|Any CPU
		{03CDFDE2-55D9-4F69-A86F-9BBE34F48ADF}.Release|Any CPU.ActiveCfg = Release|Any CPU
		{9E4929F1-AF45-4D85-ADA3-A5656D8BDDC4}.Debug|Any CPU.ActiveCfg = Debug|Any CPU
		{9E4929F1-AF45-4D85-ADA3-A5656D8BDDC4}.Release|Any CPU.ActiveCfg = Release|Any CPU
		{3A5A3785-7A36-4619-A18E-E207EF6A6E16}.Debug|Any CPU.ActiveCfg = Debug|Any CPU
		{3A5A3785-7A36-4619-A18E-E207EF6A6E16}.Release|Any CPU.ActiveCfg = Release|Any CPU
	EndGlobalSection
	GlobalSection(SolutionProperties) = preSolution
		HideSolutionNode = FALSE
	EndGlobalSection
	GlobalSection(ExtensibilityGlobals) = postSolution
		SolutionGuid = {CD3343B8-2F46-44FA-A0C8-D14D61DAC282}
	EndGlobalSection
EndGlobal
